
Microsoft Visual Studio Solution File, Format Version 12.00
# Visual Studio Version 16
VisualStudioVersion = 16.0.30804.86
MinimumVisualStudioVersion = 10.0.40219.1
Project("{FAE04EC0-301F-11D3-BF4B-00C04F79EFBC}") = "gulerrentacarproje1", "gulerrentacarproje1\gulerrentacarproje1.csproj", "{B0F52706-74F8-4616-B72B-2CD1E028E97F}"
EndProject
Global
	GlobalSection(SolutionConfigurationPlatforms) = preSolution
		Debug|Any CPU = Debug|Any CPU
		Release|Any CPU = Release|Any CPU
	EndGlobalSection
	GlobalSection(ProjectConfigurationPlatforms) = postSolution
		{B0F52706-74F8-4616-B72B-2CD1E028E97F}.Debug|Any CPU.ActiveCfg = Debug|Any CPU
		{B0F52706-74F8-4616-B72B-2CD1E028E97F}.Debug|Any CPU.Build.0 = Debug|Any CPU
		{B0F52706-74F8-4616-B72B-2CD1E028E97F}.Release|Any CPU.ActiveCfg = Release|Any CPU
		{B0F52706-74F8-4616-B72B-2CD1E028E97F}.Release|Any CPU.Build.0 = Release|Any CPU
	EndGlobalSection
	GlobalSection(SolutionProperties) = preSolution
		HideSolutionNode = FALSE
	EndGlobalSection
	GlobalSection(ExtensibilityGlobals) = postSolution
		SolutionGuid = {247D7826-6726-43BF-8119-93DD7810557A}
	EndGlobalSection
EndGlobal
